
Microsoft Visual Studio Solution File, Format Version 12.00
# Visual Studio 15
VisualStudioVersion = 15.0.26124.0
MinimumVisualStudioVersion = 15.0.26124.0
Project("{2150E333-8FDC-42A3-9474-1A3956D46DE8}") = "remindme", "remindme", "{34F79397-5D5D-4FE5-BE3F-5A7BD3853E95}"
EndProject
Project("{FAE04EC0-301F-11D3-BF4B-00C04F79EFBC}") = "RemindmeModule", "remindme\src\RemindmeModule.csproj", "{4D0CC4F3-8360-4815-912E-08C6018F151F}"
EndProject
Project("{FAE04EC0-301F-11D3-BF4B-00C04F79EFBC}") = "RemindmeModuleTest", "remindme\test\RemindmeModuleTest.csproj", "{D55A8E3C-50F8-497C-A2CA-EDAF44D55317}"
EndProject
Global
	GlobalSection(SolutionConfigurationPlatforms) = preSolution
		Debug|Any CPU = Debug|Any CPU
		Debug|x64 = Debug|x64
		Debug|x86 = Debug|x86
		Release|Any CPU = Release|Any CPU
		Release|x64 = Release|x64
		Release|x86 = Release|x86
	EndGlobalSection
	GlobalSection(SolutionProperties) = preSolution
		HideSolutionNode = FALSE
	EndGlobalSection
	GlobalSection(ProjectConfigurationPlatforms) = postSolution
		{4D0CC4F3-8360-4815-912E-08C6018F151F}.Debug|Any CPU.ActiveCfg = Debug|Any CPU
		{4D0CC4F3-8360-4815-912E-08C6018F151F}.Debug|Any CPU.Build.0 = Debug|Any CPU
		{4D0CC4F3-8360-4815-912E-08C6018F151F}.Debug|x64.ActiveCfg = Debug|Any CPU
		{4D0CC4F3-8360-4815-912E-08C6018F151F}.Debug|x64.Build.0 = Debug|Any CPU
		{4D0CC4F3-8360-4815-912E-08C6018F151F}.Debug|x86.ActiveCfg = Debug|Any CPU
		{4D0CC4F3-8360-4815-912E-08C6018F151F}.Debug|x86.Build.0 = Debug|Any CPU
		{4D0CC4F3-8360-4815-912E-08C6018F151F}.Release|Any CPU.ActiveCfg = Release|Any CPU
		{4D0CC4F3-8360-4815-912E-08C6018F151F}.Release|Any CPU.Build.0 = Release|Any CPU
		{4D0CC4F3-8360-4815-912E-08C6018F151F}.Release|x64.ActiveCfg = Release|Any CPU
		{4D0CC4F3-8360-4815-912E-08C6018F151F}.Release|x64.Build.0 = Release|Any CPU
		{4D0CC4F3-8360-4815-912E-08C6018F151F}.Release|x86.ActiveCfg = Release|Any CPU
		{4D0CC4F3-8360-4815-912E-08C6018F151F}.Release|x86.Build.0 = Release|Any CPU
		{D55A8E3C-50F8-497C-A2CA-EDAF44D55317}.Debug|Any CPU.ActiveCfg = Debug|Any CPU
		{D55A8E3C-50F8-497C-A2CA-EDAF44D55317}.Debug|Any CPU.Build.0 = Debug|Any CPU
		{D55A8E3C-50F8-497C-A2CA-EDAF44D55317}.Debug|x64.ActiveCfg = Debug|Any CPU
		{D55A8E3C-50F8-497C-A2CA-EDAF44D55317}.Debug|x64.Build.0 = Debug|Any CPU
		{D55A8E3C-50F8-497C-A2CA-EDAF44D55317}.Debug|x86.ActiveCfg = Debug|Any CPU
		{D55A8E3C-50F8-497C-A2CA-EDAF44D55317}.Debug|x86.Build.0 = Debug|Any CPU
		{D55A8E3C-50F8-497C-A2CA-EDAF44D55317}.Release|Any CPU.ActiveCfg = Release|Any CPU
		{D55A8E3C-50F8-497C-A2CA-EDAF44D55317}.Release|Any CPU.Build.0 = Release|Any CPU
		{D55A8E3C-50F8-497C-A2CA-EDAF44D55317}.Release|x64.ActiveCfg = Release|Any CPU
		{D55A8E3C-50F8-497C-A2CA-EDAF44D55317}.Release|x64.Build.0 = Release|Any CPU
		{D55A8E3C-50F8-497C-A2CA-EDAF44D55317}.Release|x86.ActiveCfg = Release|Any CPU
		{D55A8E3C-50F8-497C-A2CA-EDAF44D55317}.Release|x86.Build.0 = Release|Any CPU
	EndGlobalSection
	GlobalSection(NestedProjects) = preSolution
		{4D0CC4F3-8360-4815-912E-08C6018F151F} = {34F79397-5D5D-4FE5-BE3F-5A7BD3853E95}
		{D55A8E3C-50F8-497C-A2CA-EDAF44D55317} = {34F79397-5D5D-4FE5-BE3F-5A7BD3853E95}
	EndGlobalSection
EndGlobal
